version: 6
environments:
  default:
    channels:
    - url: https://conda.anaconda.org/conda-forge/
    indexes:
    - https://pypi.org/simple
    options:
      pypi-prerelease-mode: if-necessary-or-explicit
    packages:
      win-64:
      - conda: https://conda.anaconda.org/conda-forge/win-64/bzip2-1.0.8-h0ad9c76_8.conda
      - conda: https://conda.anaconda.org/conda-forge/noarch/ca-certificates-2026.1.4-h4c7d964_0.conda
      - conda: https://conda.anaconda.org/conda-forge/win-64/libexpat-2.7.3-hac47afa_0.conda
      - conda: https://conda.anaconda.org/conda-forge/win-64/libffi-3.5.2-h52bdfb6_0.conda
      - conda: https://conda.anaconda.org/conda-forge/win-64/liblzma-5.8.1-h2466b09_2.conda
      - conda: https://conda.anaconda.org/conda-forge/win-64/libmpdec-4.0.0-h2466b09_0.conda
      - conda: https://conda.anaconda.org/conda-forge/win-64/libsqlite-3.51.1-hf5d6505_1.conda
      - conda: https://conda.anaconda.org/conda-forge/win-64/libzlib-1.3.1-h2466b09_2.conda
      - conda: https://conda.anaconda.org/conda-forge/win-64/openssl-3.6.0-h725018a_0.conda
      - conda: https://conda.anaconda.org/conda-forge/noarch/pip-25.3-pyh145f28c_0.conda
      - conda: https://conda.anaconda.org/conda-forge/win-64/python-3.13.11-h09917c8_100_cp313.conda
      - conda: https://conda.anaconda.org/conda-forge/noarch/python_abi-3.13-8_cp313.conda
      - conda: https://conda.anaconda.org/conda-forge/win-64/tk-8.6.13-h2c6b04d_3.conda
      - conda: https://conda.anaconda.org/conda-forge/noarch/tzdata-2025c-hc9c84f9_1.conda
      - conda: https://conda.anaconda.org/conda-forge/win-64/ucrt-10.0.26100.0-h57928b3_0.conda
      - conda: https://conda.anaconda.org/conda-forge/win-64/vc-14.3-h41ae7f8_34.conda
      - conda: https://conda.anaconda.org/conda-forge/win-64/vc14_runtime-14.44.35208-h818238b_34.conda
      - conda: https://conda.anaconda.org/conda-forge/win-64/vcomp14-14.44.35208-h818238b_34.conda
      - pypi: https://files.pythonhosted.org/packages/db/33/ef2f2409450ef6daa61459d5de5c08128e7d3edb773fefd0a324d1310238/altair-6.0.0-py3-none-any.whl
      - pypi: https://files.pythonhosted.org/packages/3a/2a/7cc015f5b9f5db42b7d48157e23356022889fc354a2813c15934b7cb5c0e/attrs-25.4.0-py3-none-any.whl
      - pypi: https://files.pythonhosted.org/packages/10/cb/f2ad4230dc2eb1a74edf38f1a38b9b52277f75bef262d8908e60d957e13c/blinker-1.9.0-py3-none-any.whl
      - pypi: https://files.pythonhosted.org/packages/2c/fc/1d7b80d0eb7b714984ce40efc78859c022cd930e402f599d8ca9e39c78a4/cachetools-6.2.4-py3-none-any.whl
      - pypi: https://files.pythonhosted.org/packages/e6/ad/3cc14f097111b4de0040c83a525973216457bbeeb63739ef1ed275c1c021/certifi-2026.1.4-py3-none-any.whl
      - pypi: https://files.pythonhosted.org/packages/c4/26/b9924fa27db384bdcd97ab83b4f0a8058d96ad9626ead570674d5e737d90/charset_normalizer-3.4.4-cp313-cp313-win_amd64.whl
      - pypi: https://files.pythonhosted.org/packages/98/78/01c019cdb5d6498122777c1a43056ebb3ebfeef2076d9d026bfe15583b2b/click-8.3.1-py3-none-any.whl
      - pypi: https://files.pythonhosted.org/packages/d1/d6/3965ed04c63042e047cb6a3e6ed1a63a35087b6a609aa3a15ed8ac56c221/colorama-0.4.6-py2.py3-none-any.whl
      - pypi: https://files.pythonhosted.org/packages/18/0b/0098c214843213759692cc638fce7de5c289200a830e5035d1791d7a2338/contourpy-1.3.3-cp313-cp313-win_amd64.whl
      - pypi: https://files.pythonhosted.org/packages/e7/05/c19819d5e3d95294a6f5947fb9b9629efb316b96de511b418c53d245aae6/cycler-0.12.1-py3-none-any.whl
      - pypi: https://files.pythonhosted.org/packages/1a/59/453c06d1d83dc0951b69ef692d6b9f1846680342927df54e9a1ca91c6f90/fonttools-4.61.1-cp313-cp313-win_amd64.whl
      - pypi: https://files.pythonhosted.org/packages/a0/61/5c78b91c3143ed5c14207f463aecfc8f9dbb5092fb2869baf37c273b2705/gitdb-4.0.12-py3-none-any.whl
      - pypi: https://files.pythonhosted.org/packages/6a/09/e21df6aef1e1ffc0c816f0522ddc3f6dcded766c3261813131c78a704470/gitpython-3.1.46-py3-none-any.whl
      - pypi: https://files.pythonhosted.org/packages/0e/61/66938bbb5fc52dbdf84594873d5b51fb1f7c7794e9c0f5bd885f30bc507b/idna-3.11-py3-none-any.whl
      - pypi: https://files.pythonhosted.org/packages/62/a1/3d680cbfd5f4b8f15abc1d571870c5fc3e594bb582bc3b64ea099db13e56/jinja2-3.1.6-py3-none-any.whl
      - pypi: https://files.pythonhosted.org/packages/69/90/f63fb5873511e014207a475e2bb4e8b2e570d655b00ac19a9a0ca0a385ee/jsonschema-4.26.0-py3-none-any.whl
      - pypi: https://files.pythonhosted.org/packages/41/45/1a4ed80516f02155c51f51e8cedb3c1902296743db0bbc66608a0db2814f/jsonschema_specifications-2025.9.1-py3-none-any.whl
      - pypi: https://files.pythonhosted.org/packages/75/bd/f1a5d894000941739f2ae1b65a32892349423ad49c2e6d0771d0bad3fae4/kiwisolver-1.4.9-cp313-cp313-win_amd64.whl
      - pypi: https://files.pythonhosted.org/packages/05/73/c4abe620b841b6b791f2edc248f556900667a5a1cf023a6646967ae98335/markupsafe-3.0.3-cp313-cp313-win_amd64.whl
      - pypi: https://files.pythonhosted.org/packages/64/40/37612487cc8a437d4dd261b32ca21fe2d79510fe74af74e1f42becb1bdb8/matplotlib-3.10.8-cp313-cp313-win_amd64.whl
      - pypi: https://files.pythonhosted.org/packages/3d/2e/cf2ffeb386ac3763526151163ad7da9f1b586aac96d2b4f7de1eaebf0c61/narwhals-2.15.0-py3-none-any.whl
      - pypi: https://files.pythonhosted.org/packages/da/a6/cf32198b0b6e18d4fbfa9a21a992a7fca535b9bb2b0cdd217d4a3445b5ca/numpy-2.4.1-cp313-cp313-win_amd64.whl
      - pypi: https://files.pythonhosted.org/packages/a4/7d/f1c30a92854540bf789e9cd5dde7ef49bbe63f855b85a2e6b3db8135c591/opencv_python-4.11.0.86-cp37-abi3-win_amd64.whl
      - pypi: https://files.pythonhosted.org/packages/20/12/38679034af332785aac8774540895e234f4d07f7545804097de4b666afd8/packaging-25.0-py3-none-any.whl
      - pypi: https://files.pythonhosted.org/packages/4f/c7/e54682c96a895d0c808453269e0b5928a07a127a15704fedb643e9b0a4c8/pandas-2.3.3-cp313-cp313-win_amd64.whl
      - pypi: https://files.pythonhosted.org/packages/e5/07/74a9d941fa45c90a0d9465098fe1ec85de3e2afbdc15cc4766622d516056/pillow-12.1.0-cp313-cp313-win_amd64.whl
      - pypi: https://files.pythonhosted.org/packages/e9/8e/24e0bb90b2d75af84820693260c5534e9ed351afdda67ed6f393a141a0e2/plotly-6.5.1-py3-none-any.whl
      - pypi: https://files.pythonhosted.org/packages/23/07/1f1300fe7d204fd7aaabd9a0aafd54e6358de833b783f5bd161614e8e1e4/protobuf-6.33.3-cp310-abi3-win_amd64.whl
      - pypi: https://files.pythonhosted.org/packages/2d/f8/1d0bd75bf9328a3b826e24a16e5517cd7f9fbf8d34a3184a4566ef5a7f29/pyarrow-22.0.0-cp313-cp313-win_amd64.whl
      - pypi: https://files.pythonhosted.org/packages/ab/4c/b888e6cf58bd9db9c93f40d1c6be8283ff49d88919231afe93a6bcf61626/pydeck-0.9.1-py2.py3-none-any.whl
      - pypi: https://files.pythonhosted.org/packages/8b/40/2614036cdd416452f5bf98ec037f38a1afb17f327cb8e6b652d4729e0af8/pyparsing-3.3.1-py3-none-any.whl
      - pypi: https://files.pythonhosted.org/packages/ec/57/56b9bcc3c9c6a792fcbaf139543cee77261f3651ca9da0c93f5c1221264b/python_dateutil-2.9.0.post0-py2.py3-none-any.whl
      - pypi: https://files.pythonhosted.org/packages/81/c4/34e93fe5f5429d7570ec1fa436f1986fb1f00c3e0f43a589fe2bbcd22c3f/pytz-2025.2-py2.py3-none-any.whl
      - pypi: https://files.pythonhosted.org/packages/2c/58/ca301544e1fa93ed4f80d724bf5b194f6e4b945841c5bfd555878eea9fcb/referencing-0.37.0-py3-none-any.whl
      - pypi: https://files.pythonhosted.org/packages/1e/db/4254e3eabe8020b458f1a747140d32277ec7a271daf1d235b70dc0b4e6e3/requests-2.32.5-py3-none-any.whl
      - pypi: https://files.pythonhosted.org/packages/f2/e1/485132437d20aa4d3e1d8b3fb5a5e65aa8139f1e097080c2a8443201742c/rpds_py-0.30.0-cp313-cp313-win_amd64.whl
      - pypi: https://files.pythonhosted.org/packages/b7/ce/149a00dd41f10bc29e5921b496af8b574d8413afcd5e30dfa0ed46c2cc5e/six-1.17.0-py2.py3-none-any.whl
      - pypi: https://files.pythonhosted.org/packages/04/be/d09147ad1ec7934636ad912901c5fd7667e1c858e19d355237db0d0cd5e4/smmap-5.0.2-py3-none-any.whl
      - pypi: https://files.pythonhosted.org/packages/c0/95/6b7873f0267973ebd55ba9cd33a690b35a116f2779901ef6185a0e21864d/streamlit-1.52.2-py3-none-any.whl
      - pypi: https://files.pythonhosted.org/packages/e5/30/643397144bfbfec6f6ef821f36f33e57d35946c44a2352d3c9f0ae847619/tenacity-9.1.2-py3-none-any.whl
      - pypi: https://files.pythonhosted.org/packages/44/6f/7120676b6d73228c96e17f1f794d8ab046fc910d781c8d151120c3f1569e/toml-0.10.2-py2.py3-none-any.whl
      - pypi: https://files.pythonhosted.org/packages/d6/6d/c69be695a0a64fd37a97db12355a035a6d90f79067a3cf936ec2b1dc38cd/tornado-6.5.4-cp39-abi3-win_amd64.whl
      - pypi: https://files.pythonhosted.org/packages/18/67/36e9267722cc04a6b9f15c7f3441c2363321a3ea07da7ae0c0707beb2a9c/typing_extensions-4.15.0-py3-none-any.whl
      - pypi: https://files.pythonhosted.org/packages/c7/b0/003792df09decd6849a5e39c28b513c06e84436a54440380862b5aeff25d/tzdata-2025.3-py2.py3-none-any.whl
      - pypi: https://files.pythonhosted.org/packages/39/08/aaaad47bc4e9dc8c725e68f9d04865dbcb2052843ff09c97b08904852d84/urllib3-2.6.3-py3-none-any.whl
      - pypi: https://files.pythonhosted.org/packages/db/d9/c495884c6e548fce18a8f40568ff120bc3a4b7b99813081c8ac0c936fa64/watchdog-6.0.0-py3-none-win_amd64.whl
packages:
- pypi: https://files.pythonhosted.org/packages/db/33/ef2f2409450ef6daa61459d5de5c08128e7d3edb773fefd0a324d1310238/altair-6.0.0-py3-none-any.whl
  name: altair
  version: 6.0.0
  sha256: 09ae95b53d5fe5b16987dccc785a7af8588f2dca50de1e7a156efa8a461515f8
  requires_dist:
  - jinja2
  - jsonschema>=3.0
  - narwhals>=1.27.1
  - packaging
  - typing-extensions>=4.12.0 ; python_full_version < '3.15'
  - altair-tiles>=0.3.0 ; extra == 'all'
  - anywidget>=0.9.0 ; extra == 'all'
  - numpy ; extra == 'all'
  - pandas>=1.1.3 ; extra == 'all'
  - pyarrow>=11 ; extra == 'all'
  - vegafusion>=2.0.3 ; extra == 'all'
  - vl-convert-python>=1.8.0 ; extra == 'all'
  - duckdb>=1.0 ; python_full_version < '3.14' and extra == 'dev'
  - geopandas>=0.14.3 ; python_full_version < '3.14' and extra == 'dev'
  - hatch>=1.13.0 ; extra == 'dev'
  - ipykernel ; extra == 'dev'
  - ipython ; extra == 'dev'
  - mistune ; extra == 'dev'
  - mypy ; extra == 'dev'
  - pandas-stubs ; extra == 'dev'
  - pandas>=1.1.3 ; extra == 'dev'
  - polars>=0.20.3 ; extra == 'dev'
  - pyarrow-stubs ; extra == 'dev'
  - pytest ; extra == 'dev'
  - pytest-cov ; extra == 'dev'
  - pytest-xdist[psutil]~=3.5 ; extra == 'dev'
  - ruff>=0.9.5 ; extra == 'dev'
  - taskipy>=1.14.1 ; extra == 'dev'
  - tomli>=2.2.1 ; extra == 'dev'
  - types-jsonschema ; extra == 'dev'
  - types-setuptools ; extra == 'dev'
  - docutils ; extra == 'doc'
  - jinja2 ; extra == 'doc'
  - myst-parser ; extra == 'doc'
  - numpydoc ; extra == 'doc'
  - pillow ; extra == 'doc'
  - pydata-sphinx-theme>=0.14.1 ; extra == 'doc'
  - scipy ; extra == 'doc'
  - scipy-stubs ; python_full_version >= '3.10' and extra == 'doc'
  - sphinx ; extra == 'doc'
  - sphinx-copybutton ; extra == 'doc'
  - sphinx-design ; extra == 'doc'
  - sphinxext-altair ; extra == 'doc'
  - vl-convert-python>=1.8.0 ; extra == 'save'
  requires_python: '>=3.9'
- pypi: https://files.pythonhosted.org/packages/3a/2a/7cc015f5b9f5db42b7d48157e23356022889fc354a2813c15934b7cb5c0e/attrs-25.4.0-py3-none-any.whl
  name: attrs
  version: 25.4.0
  sha256: adcf7e2a1fb3b36ac48d97835bb6d8ade15b8dcce26aba8bf1d14847b57a3373
  requires_python: '>=3.9'
- pypi: https://files.pythonhosted.org/packages/10/cb/f2ad4230dc2eb1a74edf38f1a38b9b52277f75bef262d8908e60d957e13c/blinker-1.9.0-py3-none-any.whl
  name: blinker
  version: 1.9.0
  sha256: ba0efaa9080b619ff2f3459d1d500c57bddea4a6b424b60a91141db6fd2f08bc
  requires_python: '>=3.9'
- conda: https://conda.anaconda.org/conda-forge/win-64/bzip2-1.0.8-h0ad9c76_8.conda
  sha256: d882712855624641f48aa9dc3f5feea2ed6b4e6004585d3616386a18186fe692
  md5: 1077e9333c41ff0be8edd1a5ec0ddace
  depends:
  - ucrt >=10.0.20348.0
  - vc >=14.3,<15
  - vc14_runtime >=14.44.35208
  license: bzip2-1.0.6
  license_family: BSD
  purls: []
  size: 55977
  timestamp: 1757437738856
- conda: https://conda.anaconda.org/conda-forge/noarch/ca-certificates-2026.1.4-h4c7d964_0.conda
  sha256: 4ddcb01be03f85d3db9d881407fb13a673372f1b9fac9c836ea441893390e049
  md5: 84d389c9eee640dda3d26fc5335c67d8
  depends:
  - __win
  license: ISC
  purls: []
  size: 147139
  timestamp: 1767500904211
- pypi: https://files.pythonhosted.org/packages/2c/fc/1d7b80d0eb7b714984ce40efc78859c022cd930e402f599d8ca9e39c78a4/cachetools-6.2.4-py3-none-any.whl
  name: cachetools
  version: 6.2.4
  sha256: 69a7a52634fed8b8bf6e24a050fb60bff1c9bd8f6d24572b99c32d4e71e62a51
  requires_python: '>=3.9'
- pypi: https://files.pythonhosted.org/packages/e6/ad/3cc14f097111b4de0040c83a525973216457bbeeb63739ef1ed275c1c021/certifi-2026.1.4-py3-none-any.whl
  name: certifi
  version: 2026.1.4
  sha256: 9943707519e4add1115f44c2bc244f782c0249876bf51b6599fee1ffbedd685c
  requires_python: '>=3.7'
- pypi: https://files.pythonhosted.org/packages/c4/26/b9924fa27db384bdcd97ab83b4f0a8058d96ad9626ead570674d5e737d90/charset_normalizer-3.4.4-cp313-cp313-win_amd64.whl
  name: charset-normalizer
  version: 3.4.4
  sha256: b435cba5f4f750aa6c0a0d92c541fb79f69a387c91e61f1795227e4ed9cece14
  requires_python: '>=3.7'
- pypi: https://files.pythonhosted.org/packages/98/78/01c019cdb5d6498122777c1a43056ebb3ebfeef2076d9d026bfe15583b2b/click-8.3.1-py3-none-any.whl
  name: click
  version: 8.3.1
  sha256: 981153a64e25f12d547d3426c367a4857371575ee7ad18df2a6183ab0545b2a6
  requires_dist:
  - colorama ; sys_platform == 'win32'
  requires_python: '>=3.10'
- pypi: https://files.pythonhosted.org/packages/d1/d6/3965ed04c63042e047cb6a3e6ed1a63a35087b6a609aa3a15ed8ac56c221/colorama-0.4.6-py2.py3-none-any.whl
  name: colorama
  version: 0.4.6
  sha256: 4f1d9991f5acc0ca119f9d443620b77f9d6b33703e51011c16baf57afb285fc6
  requires_python: '>=2.7,!=3.0.*,!=3.1.*,!=3.2.*,!=3.3.*,!=3.4.*,!=3.5.*,!=3.6.*'
- pypi: https://files.pythonhosted.org/packages/18/0b/0098c214843213759692cc638fce7de5c289200a830e5035d1791d7a2338/contourpy-1.3.3-cp313-cp313-win_amd64.whl
  name: contourpy
  version: 1.3.3
  sha256: 1cadd8b8969f060ba45ed7c1b714fe69185812ab43bd6b86a9123fe8f99c3263
  requires_dist:
  - numpy>=1.25
  - furo ; extra == 'docs'
  - sphinx>=7.2 ; extra == 'docs'
  - sphinx-copybutton ; extra == 'docs'
  - bokeh ; extra == 'bokeh'
  - selenium ; extra == 'bokeh'
  - contourpy[bokeh,docs] ; extra == 'mypy'
  - bokeh ; extra == 'mypy'
  - docutils-stubs ; extra == 'mypy'
  - mypy==1.17.0 ; extra == 'mypy'
  - types-pillow ; extra == 'mypy'
  - contourpy[test-no-images] ; extra == 'test'
  - matplotlib ; extra == 'test'
  - pillow ; extra == 'test'
  - pytest ; extra == 'test-no-images'
  - pytest-cov ; extra == 'test-no-images'
  - pytest-rerunfailures ; extra == 'test-no-images'
  - pytest-xdist ; extra == 'test-no-images'
  - wurlitzer ; extra == 'test-no-images'
  requires_python: '>=3.11'
- pypi: https://files.pythonhosted.org/packages/e7/05/c19819d5e3d95294a6f5947fb9b9629efb316b96de511b418c53d245aae6/cycler-0.12.1-py3-none-any.whl
  name: cycler
  version: 0.12.1
  sha256: 85cef7cff222d8644161529808465972e51340599459b8ac3ccbac5a854e0d30
  requires_dist:
  - ipython ; extra == 'docs'
  - matplotlib ; extra == 'docs'
  - numpydoc ; extra == 'docs'
  - sphinx ; extra == 'docs'
  - pytest ; extra == 'tests'
  - pytest-cov ; extra == 'tests'
  - pytest-xdist ; extra == 'tests'
  requires_python: '>=3.8'
- pypi: https://files.pythonhosted.org/packages/1a/59/453c06d1d83dc0951b69ef692d6b9f1846680342927df54e9a1ca91c6f90/fonttools-4.61.1-cp313-cp313-win_amd64.whl
  name: fonttools
  version: 4.61.1
  sha256: 21e7c8d76f62ab13c9472ccf74515ca5b9a761d1bde3265152a6dc58700d895b
  requires_dist:
  - lxml>=4.0 ; extra == 'lxml'
  - brotli>=1.0.1 ; platform_python_implementation == 'CPython' and extra == 'woff'
  - brotlicffi>=0.8.0 ; platform_python_implementation != 'CPython' and extra == 'woff'
  - zopfli>=0.1.4 ; extra == 'woff'
  - unicodedata2>=17.0.0 ; python_full_version < '3.15' and extra == 'unicode'
  - lz4>=1.7.4.2 ; extra == 'graphite'
  - scipy ; platform_python_implementation != 'PyPy' and extra == 'interpolatable'
  - munkres ; platform_python_implementation == 'PyPy' and extra == 'interpolatable'
  - pycairo ; extra == 'interpolatable'
  - matplotlib ; extra == 'plot'
  - sympy ; extra == 'symfont'
  - xattr ; sys_platform == 'darwin' and extra == 'type1'
  - skia-pathops>=0.5.0 ; extra == 'pathops'
  - uharfbuzz>=0.45.0 ; extra == 'repacker'
  - lxml>=4.0 ; extra == 'all'
  - brotli>=1.0.1 ; platform_python_implementation == 'CPython' and extra == 'all'
  - brotlicffi>=0.8.0 ; platform_python_implementation != 'CPython' and extra == 'all'
  - zopfli>=0.1.4 ; extra == 'all'
  - unicodedata2>=17.0.0 ; python_full_version < '3.15' and extra == 'all'
  - lz4>=1.7.4.2 ; extra == 'all'
  - scipy ; platform_python_implementation != 'PyPy' and extra == 'all'
  - munkres ; platform_python_implementation == 'PyPy' and extra == 'all'
  - pycairo ; extra == 'all'
  - matplotlib ; extra == 'all'
  - sympy ; extra == 'all'
  - xattr ; sys_platform == 'darwin' and extra == 'all'
  - skia-pathops>=0.5.0 ; extra == 'all'
  - uharfbuzz>=0.45.0 ; extra == 'all'
  requires_python: '>=3.10'
- pypi: https://files.pythonhosted.org/packages/a0/61/5c78b91c3143ed5c14207f463aecfc8f9dbb5092fb2869baf37c273b2705/gitdb-4.0.12-py3-none-any.whl
  name: gitdb
  version: 4.0.12
  sha256: 67073e15955400952c6565cc3e707c554a4eea2e428946f7a4c162fab9bd9bcf
  requires_dist:
  - smmap>=3.0.1,<6
  requires_python: '>=3.7'
- pypi: https://files.pythonhosted.org/packages/6a/09/e21df6aef1e1ffc0c816f0522ddc3f6dcded766c3261813131c78a704470/gitpython-3.1.46-py3-none-any.whl
  name: gitpython
  version: 3.1.46
  sha256: 79812ed143d9d25b6d176a10bb511de0f9c67b1fa641d82097b0ab90398a2058
  requires_dist:
  - gitdb>=4.0.1,<5
  - typing-extensions>=3.10.0.2 ; python_full_version < '3.10'
  - coverage[toml] ; extra == 'test'
  - ddt>=1.1.1,!=1.4.3 ; extra == 'test'
  - mock ; python_full_version < '3.8' and extra == 'test'
  - mypy==1.18.2 ; python_full_version >= '3.9' and extra == 'test'
  - pre-commit ; extra == 'test'
  - pytest>=7.3.1 ; extra == 'test'
  - pytest-cov ; extra == 'test'
  - pytest-instafail ; extra == 'test'
  - pytest-mock ; extra == 'test'
  - pytest-sugar ; extra == 'test'
  - typing-extensions ; python_full_version < '3.11' and extra == 'test'
  - sphinx>=7.1.2,<7.2 ; extra == 'doc'
  - sphinx-rtd-theme ; extra == 'doc'
  - sphinx-autodoc-typehints ; extra == 'doc'
  requires_python: '>=3.7'
- pypi: https://files.pythonhosted.org/packages/0e/61/66938bbb5fc52dbdf84594873d5b51fb1f7c7794e9c0f5bd885f30bc507b/idna-3.11-py3-none-any.whl
  name: idna
  version: '3.11'
  sha256: 771a87f49d9defaf64091e6e6fe9c18d4833f140bd19464795bc32d966ca37ea
  requires_dist:
  - ruff>=0.6.2 ; extra == 'all'
  - mypy>=1.11.2 ; extra == 'all'
  - pytest>=8.3.2 ; extra == 'all'
  - flake8>=7.1.1 ; extra == 'all'
  requires_python: '>=3.8'
- pypi: https://files.pythonhosted.org/packages/62/a1/3d680cbfd5f4b8f15abc1d571870c5fc3e594bb582bc3b64ea099db13e56/jinja2-3.1.6-py3-none-any.whl
  name: jinja2
  version: 3.1.6
  sha256: 85ece4451f492d0c13c5dd7c13a64681a86afae63a5f347908daf103ce6d2f67
  requires_dist:
  - markupsafe>=2.0
  - babel>=2.7 ; extra == 'i18n'
  requires_python: '>=3.7'
- pypi: https://files.pythonhosted.org/packages/69/90/f63fb5873511e014207a475e2bb4e8b2e570d655b00ac19a9a0ca0a385ee/jsonschema-4.26.0-py3-none-any.whl
  name: jsonschema
  version: 4.26.0
  sha256: d489f15263b8d200f8387e64b4c3a75f06629559fb73deb8fdfb525f2dab50ce
  requires_dist:
  - attrs>=22.2.0
  - jsonschema-specifications>=2023.3.6
  - referencing>=0.28.4
  - rpds-py>=0.25.0
  - fqdn ; extra == 'format'
  - idna ; extra == 'format'
  - isoduration ; extra == 'format'
  - jsonpointer>1.13 ; extra == 'format'
  - rfc3339-validator ; extra == 'format'
  - rfc3987 ; extra == 'format'
  - uri-template ; extra == 'format'
  - webcolors>=1.11 ; extra == 'format'
  - fqdn ; extra == 'format-nongpl'
  - idna ; extra == 'format-nongpl'
  - isoduration ; extra == 'format-nongpl'
  - jsonpointer>1.13 ; extra == 'format-nongpl'
  - rfc3339-validator ; extra == 'format-nongpl'
  - rfc3986-validator>0.1.0 ; extra == 'format-nongpl'
  - rfc3987-syntax>=1.1.0 ; extra == 'format-nongpl'
  - uri-template ; extra == 'format-nongpl'
  - webcolors>=24.6.0 ; extra == 'format-nongpl'
  requires_python: '>=3.10'
- pypi: https://files.pythonhosted.org/packages/41/45/1a4ed80516f02155c51f51e8cedb3c1902296743db0bbc66608a0db2814f/jsonschema_specifications-2025.9.1-py3-none-any.whl
  name: jsonschema-specifications
  version: 2025.9.1
  sha256: 98802fee3a11ee76ecaca44429fda8a41bff98b00a0f2838151b113f210cc6fe
  requires_dist:
  - referencing>=0.31.0
  requires_python: '>=3.9'
- pypi: https://files.pythonhosted.org/packages/75/bd/f1a5d894000941739f2ae1b65a32892349423ad49c2e6d0771d0bad3fae4/kiwisolver-1.4.9-cp313-cp313-win_amd64.whl
  name: kiwisolver
  version: 1.4.9
  sha256: dd0a578400839256df88c16abddf9ba14813ec5f21362e1fe65022e00c883d4d
  requires_python: '>=3.10'
- conda: https://conda.anaconda.org/conda-forge/win-64/libexpat-2.7.3-hac47afa_0.conda
  sha256: 844ab708594bdfbd7b35e1a67c379861bcd180d6efe57b654f482ae2f7f5c21e
  md5: 8c9e4f1a0e688eef2e95711178061a0f
  depends:
  - ucrt >=10.0.20348.0
  - vc >=14.3,<15
  - vc14_runtime >=14.44.35208
  constrains:
  - expat 2.7.3.*
  license: MIT
  license_family: MIT
  purls: []
  size: 70137
  timestamp: 1763550049107
- conda: https://conda.anaconda.org/conda-forge/win-64/libffi-3.5.2-h52bdfb6_0.conda
  sha256: ddff25aaa4f0aa535413f5d831b04073789522890a4d8626366e43ecde1534a3
  md5: ba4ad812d2afc22b9a34ce8327a0930f
  depends:
  - ucrt >=10.0.20348.0
  - vc >=14.3,<15
  - vc14_runtime >=14.44.35208
  license: MIT
  license_family: MIT
  purls: []
  size: 44866
  timestamp: 1760295760649
- conda: https://conda.anaconda.org/conda-forge/win-64/liblzma-5.8.1-h2466b09_2.conda
  sha256: 55764956eb9179b98de7cc0e55696f2eff8f7b83fc3ebff5e696ca358bca28cc
  md5: c15148b2e18da456f5108ccb5e411446
  depends:
  - ucrt >=10.0.20348.0
  - vc >=14.2,<15
  - vc14_runtime >=14.29.30139
  constrains:
  - xz 5.8.1.*
  license: 0BSD
  purls: []
  size: 104935
  timestamp: 1749230611612
- conda: https://conda.anaconda.org/conda-forge/win-64/libmpdec-4.0.0-h2466b09_0.conda
  sha256: fc529fc82c7caf51202cc5cec5bb1c2e8d90edbac6d0a4602c966366efe3c7bf
  md5: 74860100b2029e2523cf480804c76b9b
  depends:
  - ucrt >=10.0.20348.0
  - vc >=14.2,<15
  - vc14_runtime >=14.29.30139
  license: BSD-2-Clause
  license_family: BSD
  purls: []
  size: 88657
  timestamp: 1723861474602
- conda: https://conda.anaconda.org/conda-forge/win-64/libsqlite-3.51.1-hf5d6505_1.conda
  sha256: d6d86715a1afe11f626b7509935e9d2e14a4946632c0ac474526e20fc6c55f99
  md5: be65be5f758709fc01b01626152e96b0
  depends:
  - ucrt >=10.0.20348.0
  - vc >=14.3,<15
  - vc14_runtime >=14.44.35208
  license: blessing
  purls: []
  size: 1292859
  timestamp: 1766319616777
- conda: https://conda.anaconda.org/conda-forge/win-64/libzlib-1.3.1-h2466b09_2.conda
  sha256: ba945c6493449bed0e6e29883c4943817f7c79cbff52b83360f7b341277c6402
  md5: 41fbfac52c601159df6c01f875de31b9
  depends:
  - ucrt >=10.0.20348.0
  - vc >=14.2,<15
  - vc14_runtime >=14.29.30139
  constrains:
  - zlib 1.3.1 *_2
  license: Zlib
  license_family: Other
  purls: []
  size: 55476
  timestamp: 1727963768015
- pypi: https://files.pythonhosted.org/packages/05/73/c4abe620b841b6b791f2edc248f556900667a5a1cf023a6646967ae98335/markupsafe-3.0.3-cp313-cp313-win_amd64.whl
  name: markupsafe
  version: 3.0.3
  sha256: 9a1abfdc021a164803f4d485104931fb8f8c1efd55bc6b748d2f5774e78b62c5
  requires_python: '>=3.9'
- pypi: https://files.pythonhosted.org/packages/64/40/37612487cc8a437d4dd261b32ca21fe2d79510fe74af74e1f42becb1bdb8/matplotlib-3.10.8-cp313-cp313-win_amd64.whl
  name: matplotlib
  version: 3.10.8
  sha256: e8ea3e2d4066083e264e75c829078f9e149fa119d27e19acd503de65e0b13149
  requires_dist:
  - contourpy>=1.0.1
  - cycler>=0.10
  - fonttools>=4.22.0
  - kiwisolver>=1.3.1
  - numpy>=1.23
  - packaging>=20.0
  - pillow>=8
  - pyparsing>=3
  - python-dateutil>=2.7
  - meson-python>=0.13.1,<0.17.0 ; extra == 'dev'
  - pybind11>=2.13.2,!=2.13.3 ; extra == 'dev'
  - setuptools-scm>=7 ; extra == 'dev'
  - setuptools>=64 ; extra == 'dev'
  requires_python: '>=3.10'
- pypi: https://files.pythonhosted.org/packages/3d/2e/cf2ffeb386ac3763526151163ad7da9f1b586aac96d2b4f7de1eaebf0c61/narwhals-2.15.0-py3-none-any.whl
  name: narwhals
  version: 2.15.0
  sha256: cbfe21ca19d260d9fd67f995ec75c44592d1f106933b03ddd375df7ac841f9d6
  requires_dist:
  - cudf>=24.10.0 ; extra == 'cudf'
  - dask[dataframe]>=2024.8 ; extra == 'dask'
  - duckdb>=1.1 ; extra == 'duckdb'
  - ibis-framework>=6.0.0 ; extra == 'ibis'
  - packaging ; extra == 'ibis'
  - pyarrow-hotfix ; extra == 'ibis'
  - rich ; extra == 'ibis'
  - modin ; extra == 'modin'
  - pandas>=1.1.3 ; extra == 'pandas'
  - polars>=0.20.4 ; extra == 'polars'
  - pyarrow>=13.0.0 ; extra == 'pyarrow'
  - pyspark>=3.5.0 ; extra == 'pyspark'
  - pyspark[connect]>=3.5.0 ; extra == 'pyspark-connect'
  - sqlframe>=3.22.0,!=3.39.3 ; extra == 'sqlframe'
  requires_python: '>=3.9'
- pypi: https://files.pythonhosted.org/packages/da/a6/cf32198b0b6e18d4fbfa9a21a992a7fca535b9bb2b0cdd217d4a3445b5ca/numpy-2.4.1-cp313-cp313-win_amd64.whl
  name: numpy
  version: 2.4.1
  sha256: 92a0e65272fd60bfa0d9278e0484c2f52fe03b97aedc02b357f33fe752c52ffb
  requires_python: '>=3.11'
- pypi: https://files.pythonhosted.org/packages/a4/7d/f1c30a92854540bf789e9cd5dde7ef49bbe63f855b85a2e6b3db8135c591/opencv_python-4.11.0.86-cp37-abi3-win_amd64.whl
  name: opencv-python
  version: 4.11.0.86
  sha256: 085ad9b77c18853ea66283e98affefe2de8cc4c1f43eda4c100cf9b2721142ec
  requires_dist:
  - numpy>=1.13.3 ; python_full_version < '3.7'
  - numpy>=1.21.0 ; python_full_version < '3.10' and platform_machine == 'arm64' and sys_platform == 'darwin'
  - numpy>=1.21.2 ; python_full_version >= '3.10'
  - numpy>=1.21.4 ; python_full_version >= '3.10' and sys_platform == 'darwin'
  - numpy>=1.23.5 ; python_full_version >= '3.11'
  - numpy>=1.26.0 ; python_full_version >= '3.12'
  - numpy>=1.19.3 ; python_full_version >= '3.6' and platform_machine == 'aarch64' and sys_platform == 'linux'
  - numpy>=1.17.0 ; python_full_version >= '3.7'
  - numpy>=1.17.3 ; python_full_version >= '3.8'
  - numpy>=1.19.3 ; python_full_version >= '3.9'
  requires_python: '>=3.6'
- conda: https://conda.anaconda.org/conda-forge/win-64/openssl-3.6.0-h725018a_0.conda
  sha256: 6d72d6f766293d4f2aa60c28c244c8efed6946c430814175f959ffe8cab899b3
  md5: 84f8fb4afd1157f59098f618cd2437e4
  depends:
  - ca-certificates
  - ucrt >=10.0.20348.0
  - vc >=14.3,<15
  - vc14_runtime >=14.44.35208
  license: Apache-2.0
  license_family: Apache
  purls: []
  size: 9440812
  timestamp: 1762841722179
- pypi: https://files.pythonhosted.org/packages/20/12/38679034af332785aac8774540895e234f4d07f7545804097de4b666afd8/packaging-25.0-py3-none-any.whl
  name: packaging
  version: '25.0'
  sha256: 29572ef2b1f17581046b3a2227d5c611fb25ec70ca1ba8554b24b0e69331a484
  requires_python: '>=3.8'
- pypi: https://files.pythonhosted.org/packages/4f/c7/e54682c96a895d0c808453269e0b5928a07a127a15704fedb643e9b0a4c8/pandas-2.3.3-cp313-cp313-win_amd64.whl
  name: pandas
  version: 2.3.3
  sha256: f8bfc0e12dc78f777f323f55c58649591b2cd0c43534e8355c51d3fede5f4dee
  requires_dist:
  - numpy>=1.22.4 ; python_full_version < '3.11'
  - numpy>=1.23.2 ; python_full_version == '3.11.*'
  - numpy>=1.26.0 ; python_full_version >= '3.12'
  - python-dateutil>=2.8.2
  - pytz>=2020.1
  - tzdata>=2022.7
  - hypothesis>=6.46.1 ; extra == 'test'
  - pytest>=7.3.2 ; extra == 'test'
  - pytest-xdist>=2.2.0 ; extra == 'test'
  - pyarrow>=10.0.1 ; extra == 'pyarrow'
  - bottleneck>=1.3.6 ; extra == 'performance'
  - numba>=0.56.4 ; extra == 'performance'
  - numexpr>=2.8.4 ; extra == 'performance'
  - scipy>=1.10.0 ; extra == 'computation'
  - xarray>=2022.12.0 ; extra == 'computation'
  - fsspec>=2022.11.0 ; extra == 'fss'
  - s3fs>=2022.11.0 ; extra == 'aws'
  - gcsfs>=2022.11.0 ; extra == 'gcp'
  - pandas-gbq>=0.19.0 ; extra == 'gcp'
  - odfpy>=1.4.1 ; extra == 'excel'
  - openpyxl>=3.1.0 ; extra == 'excel'
  - python-calamine>=0.1.7 ; extra == 'excel'
  - pyxlsb>=1.0.10 ; extra == 'excel'
  - xlrd>=2.0.1 ; extra == 'excel'
  - xlsxwriter>=3.0.5 ; extra == 'excel'
  - pyarrow>=10.0.1 ; extra == 'parquet'
  - pyarrow>=10.0.1 ; extra == 'feather'
  - tables>=3.8.0 ; extra == 'hdf5'
  - pyreadstat>=1.2.0 ; extra == 'spss'
  - sqlalchemy>=2.0.0 ; extra == 'postgresql'
  - psycopg2>=2.9.6 ; extra == 'postgresql'
  - adbc-driver-postgresql>=0.8.0 ; extra == 'postgresql'
  - sqlalchemy>=2.0.0 ; extra == 'mysql'
  - pymysql>=1.0.2 ; extra == 'mysql'
  - sqlalchemy>=2.0.0 ; extra == 'sql-other'
  - adbc-driver-postgresql>=0.8.0 ; extra == 'sql-other'
  - adbc-driver-sqlite>=0.8.0 ; extra == 'sql-other'
  - beautifulsoup4>=4.11.2 ; extra == 'html'
  - html5lib>=1.1 ; extra == 'html'
  - lxml>=4.9.2 ; extra == 'html'
  - lxml>=4.9.2 ; extra == 'xml'
  - matplotlib>=3.6.3 ; extra == 'plot'
  - jinja2>=3.1.2 ; extra == 'output-formatting'
  - tabulate>=0.9.0 ; extra == 'output-formatting'
  - pyqt5>=5.15.9 ; extra == 'clipboard'
  - qtpy>=2.3.0 ; extra == 'clipboard'
  - zstandard>=0.19.0 ; extra == 'compression'
  - dataframe-api-compat>=0.1.7 ; extra == 'consortium-standard'
  - adbc-driver-postgresql>=0.8.0 ; extra == 'all'
  - adbc-driver-sqlite>=0.8.0 ; extra == 'all'
  - beautifulsoup4>=4.11.2 ; extra == 'all'
  - bottleneck>=1.3.6 ; extra == 'all'
  - dataframe-api-compat>=0.1.7 ; extra == 'all'
  - fastparquet>=2022.12.0 ; extra == 'all'
  - fsspec>=2022.11.0 ; extra == 'all'
  - gcsfs>=2022.11.0 ; extra == 'all'
  - html5lib>=1.1 ; extra == 'all'
  - hypothesis>=6.46.1 ; extra == 'all'
  - jinja2>=3.1.2 ; extra == 'all'
  - lxml>=4.9.2 ; extra == 'all'
  - matplotlib>=3.6.3 ; extra == 'all'
  - numba>=0.56.4 ; extra == 'all'
  - numexpr>=2.8.4 ; extra == 'all'
  - odfpy>=1.4.1 ; extra == 'all'
  - openpyxl>=3.1.0 ; extra == 'all'
  - pandas-gbq>=0.19.0 ; extra == 'all'
  - psycopg2>=2.9.6 ; extra == 'all'
  - pyarrow>=10.0.1 ; extra == 'all'
  - pymysql>=1.0.2 ; extra == 'all'
  - pyqt5>=5.15.9 ; extra == 'all'
  - pyreadstat>=1.2.0 ; extra == 'all'
  - pytest>=7.3.2 ; extra == 'all'
  - pytest-xdist>=2.2.0 ; extra == 'all'
  - python-calamine>=0.1.7 ; extra == 'all'
  - pyxlsb>=1.0.10 ; extra == 'all'
  - qtpy>=2.3.0 ; extra == 'all'
  - scipy>=1.10.0 ; extra == 'all'
  - s3fs>=2022.11.0 ; extra == 'all'
  - sqlalchemy>=2.0.0 ; extra == 'all'
  - tables>=3.8.0 ; extra == 'all'
  - tabulate>=0.9.0 ; extra == 'all'
  - xarray>=2022.12.0 ; extra == 'all'
  - xlrd>=2.0.1 ; extra == 'all'
  - xlsxwriter>=3.0.5 ; extra == 'all'
  - zstandard>=0.19.0 ; extra == 'all'
  requires_python: '>=3.9'
- pypi: https://files.pythonhosted.org/packages/e5/07/74a9d941fa45c90a0d9465098fe1ec85de3e2afbdc15cc4766622d516056/pillow-12.1.0-cp313-cp313-win_amd64.whl
  name: pillow
  version: 12.1.0
  sha256: 461f9dfdafa394c59cd6d818bdfdbab4028b83b02caadaff0ffd433faf4c9a7a
  requires_dist:
  - furo ; extra == 'docs'
  - olefile ; extra == 'docs'
  - sphinx>=8.2 ; extra == 'docs'
  - sphinx-autobuild ; extra == 'docs'
  - sphinx-copybutton ; extra == 'docs'
  - sphinx-inline-tabs ; extra == 'docs'
  - sphinxext-opengraph ; extra == 'docs'
  - olefile ; extra == 'fpx'
  - olefile ; extra == 'mic'
  - arro3-compute ; extra == 'test-arrow'
  - arro3-core ; extra == 'test-arrow'
  - nanoarrow ; extra == 'test-arrow'
  - pyarrow ; extra == 'test-arrow'
  - check-manifest ; extra == 'tests'
  - coverage>=7.4.2 ; extra == 'tests'
  - defusedxml ; extra == 'tests'
  - markdown2 ; extra == 'tests'
  - olefile ; extra == 'tests'
  - packaging ; extra == 'tests'
  - pyroma>=5 ; extra == 'tests'
  - pytest ; extra == 'tests'
  - pytest-cov ; extra == 'tests'
  - pytest-timeout ; extra == 'tests'
  - pytest-xdist ; extra == 'tests'
  - trove-classifiers>=2024.10.12 ; extra == 'tests'
  - defusedxml ; extra == 'xmp'
  requires_python: '>=3.10'
- conda: https://conda.anaconda.org/conda-forge/noarch/pip-25.3-pyh145f28c_0.conda
  sha256: 4d5e2faca810459724f11f78d19a0feee27a7be2b3fc5f7abbbec4c9fdcae93d
  md5: bf47878473e5ab9fdb4115735230e191
  depends:
  - python >=3.13.0a0
  license: MIT
  license_family: MIT
  purls:
  - pkg:pypi/pip?source=hash-mapping
  size: 1177084
  timestamp: 1762776338614
- pypi: https://files.pythonhosted.org/packages/e9/8e/24e0bb90b2d75af84820693260c5534e9ed351afdda67ed6f393a141a0e2/plotly-6.5.1-py3-none-any.whl
  name: plotly
  version: 6.5.1
  sha256: 5adad4f58c360612b6c5ce11a308cdbc4fd38ceb1d40594a614f0062e227abe1
  requires_dist:
  - narwhals>=1.15.1
  - packaging
  - numpy ; extra == 'express'
  - kaleido>=1.1.0 ; extra == 'kaleido'
  - pytest ; extra == 'dev-core'
  - requests ; extra == 'dev-core'
  - ruff==0.11.12 ; extra == 'dev-core'
  - plotly[dev-core] ; extra == 'dev-build'
  - build ; extra == 'dev-build'
  - jupyter ; extra == 'dev-build'
  - plotly[dev-build] ; extra == 'dev-optional'
  - plotly[kaleido] ; extra == 'dev-optional'
  - anywidget ; extra == 'dev-optional'
  - colorcet ; extra == 'dev-optional'
  - fiona<=1.9.6 ; python_full_version < '3.9' and extra == 'dev-optional'
  - geopandas ; extra == 'dev-optional'
  - inflect ; extra == 'dev-optional'
  - numpy ; extra == 'dev-optional'
  - orjson ; extra == 'dev-optional'
  - pandas ; extra == 'dev-optional'
  - pdfrw ; extra == 'dev-optional'
  - pillow ; extra == 'dev-optional'
  - plotly-geo ; extra == 'dev-optional'
  - polars[timezone] ; extra == 'dev-optional'
  - pyarrow ; extra == 'dev-optional'
  - pyshp ; extra == 'dev-optional'
  - pytz ; extra == 'dev-optional'
  - scikit-image ; extra == 'dev-optional'
  - scipy ; extra == 'dev-optional'
  - shapely ; extra == 'dev-optional'
  - statsmodels ; extra == 'dev-optional'
  - vaex ; python_full_version < '3.10' and extra == 'dev-optional'
  - xarray ; extra == 'dev-optional'
  - plotly[dev-optional] ; extra == 'dev'
  requires_python: '>=3.8'
- pypi: https://files.pythonhosted.org/packages/23/07/1f1300fe7d204fd7aaabd9a0aafd54e6358de833b783f5bd161614e8e1e4/protobuf-6.33.3-cp310-abi3-win_amd64.whl
  name: protobuf
  version: 6.33.3
  sha256: 1fd18f030ae9df97712fbbb0849b6e54c63e3edd9b88d8c3bb4771f84d8db7a4
  requires_python: '>=3.9'
- pypi: https://files.pythonhosted.org/packages/2d/f8/1d0bd75bf9328a3b826e24a16e5517cd7f9fbf8d34a3184a4566ef5a7f29/pyarrow-22.0.0-cp313-cp313-win_amd64.whl
  name: pyarrow
  version: 22.0.0
  sha256: a4893d31e5ef780b6edcaf63122df0f8d321088bb0dee4c8c06eccb1ca28d145
  requires_python: '>=3.10'
- pypi: https://files.pythonhosted.org/packages/ab/4c/b888e6cf58bd9db9c93f40d1c6be8283ff49d88919231afe93a6bcf61626/pydeck-0.9.1-py2.py3-none-any.whl
  name: pydeck
  version: 0.9.1
  sha256: b3f75ba0d273fc917094fa61224f3f6076ca8752b93d46faf3bcfd9f9d59b038
  requires_dist:
  - jinja2>=2.10.1
  - numpy>=1.16.4
  - pydeck-carto ; extra == 'carto'
  - ipywidgets>=7,<8 ; extra == 'jupyter'
  - traitlets>=4.3.2 ; extra == 'jupyter'
  - ipython>=5.8.0 ; python_full_version < '3.4' and extra == 'jupyter'
  - ipykernel>=5.1.2 ; python_full_version >= '3.4' and extra == 'jupyter'
  requires_python: '>=3.8'
- pypi: https://files.pythonhosted.org/packages/8b/40/2614036cdd416452f5bf98ec037f38a1afb17f327cb8e6b652d4729e0af8/pyparsing-3.3.1-py3-none-any.whl
  name: pyparsing
  version: 3.3.1
  sha256: 023b5e7e5520ad96642e2c6db4cb683d3970bd640cdf7115049a6e9c3682df82
  requires_dist:
  - railroad-diagrams ; extra == 'diagrams'
  - jinja2 ; extra == 'diagrams'
  requires_python: '>=3.9'
- conda: https://conda.anaconda.org/conda-forge/win-64/python-3.13.11-h09917c8_100_cp313.conda
  build_number: 100
  sha256: 0ee0402368783e1fad10025719530499c517a3dbbdfbe18351841d9b7aef1d6a
  md5: 9e4c9a7ee9c4ab5b3778ab73e583283e
  depends:
  - bzip2 >=1.0.8,<2.0a0
  - libexpat >=2.7.3,<3.0a0
  - libffi >=3.5.2,<3.6.0a0
  - liblzma >=5.8.1,<6.0a0
  - libmpdec >=4.0.0,<5.0a0
  - libsqlite >=3.51.1,<4.0a0
  - libzlib >=1.3.1,<2.0a0
  - openssl >=3.5.4,<4.0a0
  - python_abi 3.13.* *_cp313
  - tk >=8.6.13,<8.7.0a0
  - tzdata
  - ucrt >=10.0.20348.0
  - vc >=14.3,<15
  - vc14_runtime >=14.44.35208
  license: Python-2.0
  purls: []
  size: 16617922
  timestamp: 1765019627175
  python_site_packages_path: Lib/site-packages
- pypi: https://files.pythonhosted.org/packages/ec/57/56b9bcc3c9c6a792fcbaf139543cee77261f3651ca9da0c93f5c1221264b/python_dateutil-2.9.0.post0-py2.py3-none-any.whl
  name: python-dateutil
  version: 2.9.0.post0
  sha256: a8b2bc7bffae282281c8140a97d3aa9c14da0b136dfe83f850eea9a5f7470427
  requires_dist:
  - six>=1.5
  requires_python: '>=2.7,!=3.0.*,!=3.1.*,!=3.2.*'
- conda: https://conda.anaconda.org/conda-forge/noarch/python_abi-3.13-8_cp313.conda
  build_number: 8
  sha256: 210bffe7b121e651419cb196a2a63687b087497595c9be9d20ebe97dd06060a7
  md5: 94305520c52a4aa3f6c2b1ff6008d9f8
  constrains:
  - python 3.13.* *_cp313
  license: BSD-3-Clause
  license_family: BSD
  purls: []
  size: 7002
  timestamp: 1752805902938
- pypi: https://files.pythonhosted.org/packages/81/c4/34e93fe5f5429d7570ec1fa436f1986fb1f00c3e0f43a589fe2bbcd22c3f/pytz-2025.2-py2.py3-none-any.whl
  name: pytz
  version: '2025.2'
  sha256: 5ddf76296dd8c44c26eb8f4b6f35488f3ccbf6fbbd7adee0b7262d43f0ec2f00
- pypi: https://files.pythonhosted.org/packages/2c/58/ca301544e1fa93ed4f80d724bf5b194f6e4b945841c5bfd555878eea9fcb/referencing-0.37.0-py3-none-any.whl
  name: referencing
  version: 0.37.0
  sha256: 381329a9f99628c9069361716891d34ad94af76e461dcb0335825aecc7692231
  requires_dist:
  - attrs>=22.2.0
  - rpds-py>=0.7.0
  - typing-extensions>=4.4.0 ; python_full_version < '3.13'
  requires_python: '>=3.10'
- pypi: https://files.pythonhosted.org/packages/1e/db/4254e3eabe8020b458f1a747140d32277ec7a271daf1d235b70dc0b4e6e3/requests-2.32.5-py3-none-any.whl
  name: requests
  version: 2.32.5
  sha256: 2462f94637a34fd532264295e186976db0f5d453d1cdd31473c85a6a161affb6
  requires_dist:
  - charset-normalizer>=2,<4
  - idna>=2.5,<4
  - urllib3>=1.21.1,<3
  - certifi>=2017.4.17
  - pysocks>=1.5.6,!=1.5.7 ; extra == 'socks'
  - chardet>=3.0.2,<6 ; extra == 'use-chardet-on-py3'
  requires_python: '>=3.9'
- pypi: https://files.pythonhosted.org/packages/f2/e1/485132437d20aa4d3e1d8b3fb5a5e65aa8139f1e097080c2a8443201742c/rpds_py-0.30.0-cp313-cp313-win_amd64.whl
  name: rpds-py
  version: 0.30.0
  sha256: 806f36b1b605e2d6a72716f321f20036b9489d29c51c91f4dd29a3e3afb73b15
  requires_python: '>=3.10'
- pypi: https://files.pythonhosted.org/packages/b7/ce/149a00dd41f10bc29e5921b496af8b574d8413afcd5e30dfa0ed46c2cc5e/six-1.17.0-py2.py3-none-any.whl
  name: six
  version: 1.17.0
  sha256: 4721f391ed90541fddacab5acf947aa0d3dc7d27b2e1e8eda2be8970586c3274
  requires_python: '>=2.7,!=3.0.*,!=3.1.*,!=3.2.*'
- pypi: https://files.pythonhosted.org/packages/04/be/d09147ad1ec7934636ad912901c5fd7667e1c858e19d355237db0d0cd5e4/smmap-5.0.2-py3-none-any.whl
  name: smmap
  version: 5.0.2
  sha256: b30115f0def7d7531d22a0fb6502488d879e75b260a9db4d0819cfb25403af5e
  requires_python: '>=3.7'
- pypi: https://files.pythonhosted.org/packages/c0/95/6b7873f0267973ebd55ba9cd33a690b35a116f2779901ef6185a0e21864d/streamlit-1.52.2-py3-none-any.whl
  name: streamlit
  version: 1.52.2
  sha256: a16bb4fbc9781e173ce9dfbd8ffb189c174f148f9ca4fb8fa56423e84e193fc8
  requires_dist:
  - altair>=4.0,!=5.4.0,!=5.4.1,<7
  - blinker>=1.5.0,<2
  - cachetools>=4.0,<7
  - click>=7.0,<9
  - numpy>=1.23,<3
  - packaging>=20
  - pandas>=1.4.0,<3
  - pillow>=7.1.0,<13
  - protobuf>=3.20,<7
  - pyarrow>=7.0
  - requests>=2.27,<3
  - tenacity>=8.1.0,<10
  - toml>=0.10.1,<2
  - typing-extensions>=4.4.0,<5
  - watchdog>=2.1.5,<7 ; sys_platform != 'darwin'
  - gitpython>=3.0.7,!=3.1.19,<4
  - pydeck>=0.8.0b4,<1
  - tornado>=6.0.3,!=6.5.0,<7
  - snowflake-snowpark-python[modin]>=1.17.0 ; python_full_version < '3.12' and extra == 'snowflake'
  - snowflake-connector-python>=3.3.0 ; python_full_version < '3.12' and extra == 'snowflake'
  - streamlit-pdf>=1.0.0 ; extra == 'pdf'
  - authlib>=1.3.2 ; extra == 'auth'
  - matplotlib>=3.0.0 ; extra == 'charts'
  - graphviz>=0.19.0 ; extra == 'charts'
  - plotly>=4.0.0 ; extra == 'charts'
  - orjson>=3.5.0 ; extra == 'charts'
  - sqlalchemy>=2.0.0 ; extra == 'sql'
  - orjson>=3.5.0 ; extra == 'performance'
  - uvloop>=0.15.2 ; platform_python_implementation != 'PyPy' and sys_platform != 'cygwin' and sys_platform != 'win32' and extra == 'performance'
  - streamlit[auth,charts,pdf,performance,snowflake,sql] ; extra == 'all'
  - rich>=11.0.0 ; extra == 'all'
  requires_python: '>=3.10'
- pypi: https://files.pythonhosted.org/packages/e5/30/643397144bfbfec6f6ef821f36f33e57d35946c44a2352d3c9f0ae847619/tenacity-9.1.2-py3-none-any.whl
  name: tenacity
  version: 9.1.2
  sha256: f77bf36710d8b73a50b2dd155c97b870017ad21afe6ab300326b0371b3b05138
  requires_dist:
  - reno ; extra == 'doc'
  - sphinx ; extra == 'doc'
  - pytest ; extra == 'test'
  - tornado>=4.5 ; extra == 'test'
  - typeguard ; extra == 'test'
  requires_python: '>=3.9'
- conda: https://conda.anaconda.org/conda-forge/win-64/tk-8.6.13-h2c6b04d_3.conda
  sha256: 4581f4ffb432fefa1ac4f85c5682cc27014bcd66e7beaa0ee330e927a7858790
  md5: 7cb36e506a7dba4817970f8adb6396f9
  depends:
  - ucrt >=10.0.20348.0
  - vc >=14.2,<15
  - vc14_runtime >=14.29.30139
  license: TCL
  license_family: BSD
  purls: []
  size: 3472313
  timestamp: 1763055164278
- pypi: https://files.pythonhosted.org/packages/44/6f/7120676b6d73228c96e17f1f794d8ab046fc910d781c8d151120c3f1569e/toml-0.10.2-py2.py3-none-any.whl
  name: toml
  version: 0.10.2
  sha256: 806143ae5bfb6a3c6e736a764057db0e6a0e05e338b5630894a5f779cabb4f9b
  requires_python: '>=2.6,!=3.0.*,!=3.1.*,!=3.2.*'
- pypi: https://files.pythonhosted.org/packages/d6/6d/c69be695a0a64fd37a97db12355a035a6d90f79067a3cf936ec2b1dc38cd/tornado-6.5.4-cp39-abi3-win_amd64.whl
  name: tornado
  version: 6.5.4
  sha256: fa07d31e0cd85c60713f2b995da613588aa03e1303d75705dca6af8babc18ddc
  requires_python: '>=3.9'
- pypi: https://files.pythonhosted.org/packages/18/67/36e9267722cc04a6b9f15c7f3441c2363321a3ea07da7ae0c0707beb2a9c/typing_extensions-4.15.0-py3-none-any.whl
  name: typing-extensions
  version: 4.15.0
  sha256: f0fa19c6845758ab08074a0cfa8b7aecb71c999ca73d62883bc25cc018c4e548
  requires_python: '>=3.9'
- pypi: https://files.pythonhosted.org/packages/c7/b0/003792df09decd6849a5e39c28b513c06e84436a54440380862b5aeff25d/tzdata-2025.3-py2.py3-none-any.whl
  name: tzdata
  version: '2025.3'
  sha256: 06a47e5700f3081aab02b2e513160914ff0694bce9947d6b76ebd6bf57cfc5d1
  requires_python: '>=2'
- conda: https://conda.anaconda.org/conda-forge/noarch/tzdata-2025c-hc9c84f9_1.conda
  sha256: 1d30098909076af33a35017eed6f2953af1c769e273a0626a04722ac4acaba3c
  md5: ad659d0a2b3e47e38d829aa8cad2d610
  license: LicenseRef-Public-Domain
  purls: []
  size: 119135
  timestamp: 1767016325805
- conda: https://conda.anaconda.org/conda-forge/win-64/ucrt-10.0.26100.0-h57928b3_0.conda
  sha256: 3005729dce6f3d3f5ec91dfc49fc75a0095f9cd23bab49efb899657297ac91a5
  md5: 71b24316859acd00bdb8b38f5e2ce328
  constrains:
  - vc14_runtime >=14.29.30037
  - vs2015_runtime >=14.29.30037
  license: LicenseRef-MicrosoftWindowsSDK10
  purls: []
  size: 694692
  timestamp: 1756385147981
- pypi: https://files.pythonhosted.org/packages/39/08/aaaad47bc4e9dc8c725e68f9d04865dbcb2052843ff09c97b08904852d84/urllib3-2.6.3-py3-none-any.whl
  name: urllib3
  version: 2.6.3
  sha256: bf272323e553dfb2e87d9bfd225ca7b0f467b919d7bbd355436d3fd37cb0acd4
  requires_dist:
  - brotli>=1.2.0 ; platform_python_implementation == 'CPython' and extra == 'brotli'
  - brotlicffi>=1.2.0.0 ; platform_python_implementation != 'CPython' and extra == 'brotli'
  - h2>=4,<5 ; extra == 'h2'
  - pysocks>=1.5.6,!=1.5.7,<2.0 ; extra == 'socks'
  - backports-zstd>=1.0.0 ; python_full_version < '3.14' and extra == 'zstd'
  requires_python: '>=3.9'
- conda: https://conda.anaconda.org/conda-forge/win-64/vc-14.3-h41ae7f8_34.conda
  sha256: 9dc40c2610a6e6727d635c62cced5ef30b7b30123f5ef67d6139e23d21744b3a
  md5: 1e610f2416b6acdd231c5f573d754a0f
  depends:
  - vc14_runtime >=14.44.35208
  track_features:
  - vc14
  license: BSD-3-Clause
  license_family: BSD
  purls: []
  size: 19356
  timestamp: 1767320221521
- conda: https://conda.anaconda.org/conda-forge/win-64/vc14_runtime-14.44.35208-h818238b_34.conda
  sha256: 02732f953292cce179de9b633e74928037fa3741eb5ef91c3f8bae4f761d32a5
  md5: 37eb311485d2d8b2c419449582046a42
  depends:
  - ucrt >=10.0.20348.0
  - vcomp14 14.44.35208 h818238b_34
  constrains:
  - vs2015_runtime 14.44.35208.* *_34
  license: LicenseRef-MicrosoftVisualCpp2015-2022Runtime
  license_family: Proprietary
  purls: []
  size: 683233
  timestamp: 1767320219644
- conda: https://conda.anaconda.org/conda-forge/win-64/vcomp14-14.44.35208-h818238b_34.conda
  sha256: 878d5d10318b119bd98ed3ed874bd467acbe21996e1d81597a1dbf8030ea0ce6
  md5: 242d9f25d2ae60c76b38a5e42858e51d
  depends:
  - ucrt >=10.0.20348.0
  constrains:
  - vs2015_runtime 14.44.35208.* *_34
  license: LicenseRef-MicrosoftVisualCpp2015-2022Runtime
  license_family: Proprietary
  purls: []
  size: 115235
  timestamp: 1767320173250
- pypi: https://files.pythonhosted.org/packages/db/d9/c495884c6e548fce18a8f40568ff120bc3a4b7b99813081c8ac0c936fa64/watchdog-6.0.0-py3-none-win_amd64.whl
  name: watchdog
  version: 6.0.0
  sha256: cbafb470cf848d93b5d013e2ecb245d4aa1c8fd0504e863ccefa32445359d680
  requires_dist:
  - pyyaml>=3.10 ; extra == 'watchmedo'
  requires_python: '>=3.9'
